
Microsoft Visual Studio Solution File, Format Version 12.00
# Visual Studio Version 16
VisualStudioVersion = 16.0.32106.194
MinimumVisualStudioVersion = 10.0.40219.1
Project("{FAE04EC0-301F-11D3-BF4B-00C04F79EFBC}") = "task 3", "task 3\task 3.csproj", "{719253F5-ED85-42D8-9C08-B4E2A2B13094}"
EndProject
Global
	GlobalSection(SolutionConfigurationPlatforms) = preSolution
		Debug|Any CPU = Debug|Any CPU
		Release|Any CPU = Release|Any CPU
	EndGlobalSection
	GlobalSection(ProjectConfigurationPlatforms) = postSolution
		{719253F5-ED85-42D8-9C08-B4E2A2B13094}.Debug|Any CPU.ActiveCfg = Debug|Any CPU
		{719253F5-ED85-42D8-9C08-B4E2A2B13094}.Debug|Any CPU.Build.0 = Debug|Any CPU
		{719253F5-ED85-42D8-9C08-B4E2A2B13094}.Release|Any CPU.ActiveCfg = Release|Any CPU
		{719253F5-ED85-42D8-9C08-B4E2A2B13094}.Release|Any CPU.Build.0 = Release|Any CPU
	EndGlobalSection
	GlobalSection(SolutionProperties) = preSolution
		HideSolutionNode = FALSE
	EndGlobalSection
	GlobalSection(ExtensibilityGlobals) = postSolution
		SolutionGuid = {5EF18EC3-50EB-48DF-ACAF-0C517760E909}
	EndGlobalSection
EndGlobal
